
Microsoft Visual Studio Solution File, Format Version 12.00
# Visual Studio Version 17
VisualStudioVersion = 17.7.34031.279
MinimumVisualStudioVersion = 10.0.40219.1
Project("{FAE04EC0-301F-11D3-BF4B-00C04F79EFBC}") = "ConsoleApp1", "ConsoleApp1\ConsoleApp1.csproj", "{0BFB02C6-BD2D-4420-985D-37AB2D560C68}"
EndProject
Global
	GlobalSection(SolutionConfigurationPlatforms) = preSolution
		Debug|Any CPU = Debug|Any CPU
		Release|Any CPU = Release|Any CPU
	EndGlobalSection
	GlobalSection(ProjectConfigurationPlatforms) = postSolution
		{0BFB02C6-BD2D-4420-985D-37AB2D560C68}.Debug|Any CPU.ActiveCfg = Debug|Any CPU
		{0BFB02C6-BD2D-4420-985D-37AB2D560C68}.Debug|Any CPU.Build.0 = Debug|Any CPU
		{0BFB02C6-BD2D-4420-985D-37AB2D560C68}.Release|Any CPU.ActiveCfg = Release|Any CPU
		{0BFB02C6-BD2D-4420-985D-37AB2D560C68}.Release|Any CPU.Build.0 = Release|Any CPU
	EndGlobalSection
	GlobalSection(SolutionProperties) = preSolution
		HideSolutionNode = FALSE
	EndGlobalSection
	GlobalSection(ExtensibilityGlobals) = postSolution
		SolutionGuid = {66CB7E03-4262-46BB-8505-F617A3A94EC7}
	EndGlobalSection
EndGlobal
